
Microsoft Visual Studio Solution File, Format Version 12.00
# Visual Studio Version 17
VisualStudioVersion = 17.4.33205.214
MinimumVisualStudioVersion = 10.0.40219.1
Project("{8BC9CEB8-8B4A-11D0-8D11-00A0C91BC942}") = "Programlamaya Giris Proje (Lokanta Islemleri)", "Programlamaya Giris Proje (Lokanta Islemleri)\Programlamaya Giris Proje (Lokanta Islemleri).vcxproj", "{C6B803B8-441D-4D0C-86B3-2A916EA871B8}"
EndProject
Project("{8BC9CEB8-8B4A-11D0-8D11-00A0C91BC942}") = "Programlamaya Giris 2.Odev(Karmasik Sayilarda Islemler)", "..\Programlamaya Giris 2.Odev(Karmasik Sayilarda Islemler)\Programlamaya Giris 2.Odev(Karmasik Sayilarda Islemler).vcxproj", "{28BE1C0D-B66E-4740-ACD4-2BAF2855956B}"
EndProject
Global
	GlobalSection(SolutionConfigurationPlatforms) = preSolution
		Debug|x64 = Debug|x64
		Debug|x86 = Debug|x86
		Release|x64 = Release|x64
		Release|x86 = Release|x86
	EndGlobalSection
	GlobalSection(ProjectConfigurationPlatforms) = postSolution
		{C6B803B8-441D-4D0C-86B3-2A916EA871B8}.Debug|x64.ActiveCfg = Debug|x64
		{C6B803B8-441D-4D0C-86B3-2A916EA871B8}.Debug|x64.Build.0 = Debug|x64
		{C6B803B8-441D-4D0C-86B3-2A916EA871B8}.Debug|x86.ActiveCfg = Debug|Win32
		{C6B803B8-441D-4D0C-86B3-2A916EA871B8}.Debug|x86.Build.0 = Debug|Win32
		{C6B803B8-441D-4D0C-86B3-2A916EA871B8}.Release|x64.ActiveCfg = Release|x64
		{C6B803B8-441D-4D0C-86B3-2A916EA871B8}.Release|x64.Build.0 = Release|x64
		{C6B803B8-441D-4D0C-86B3-2A916EA871B8}.Release|x86.ActiveCfg = Release|Win32
		{C6B803B8-441D-4D0C-86B3-2A916EA871B8}.Release|x86.Build.0 = Release|Win32
		{28BE1C0D-B66E-4740-ACD4-2BAF2855956B}.Debug|x64.ActiveCfg = Debug|x64
		{28BE1C0D-B66E-4740-ACD4-2BAF2855956B}.Debug|x64.Build.0 = Debug|x64
		{28BE1C0D-B66E-4740-ACD4-2BAF2855956B}.Debug|x86.ActiveCfg = Debug|Win32
		{28BE1C0D-B66E-4740-ACD4-2BAF2855956B}.Debug|x86.Build.0 = Debug|Win32
		{28BE1C0D-B66E-4740-ACD4-2BAF2855956B}.Release|x64.ActiveCfg = Release|x64
		{28BE1C0D-B66E-4740-ACD4-2BAF2855956B}.Release|x64.Build.0 = Release|x64
		{28BE1C0D-B66E-4740-ACD4-2BAF2855956B}.Release|x86.ActiveCfg = Release|Win32
		{28BE1C0D-B66E-4740-ACD4-2BAF2855956B}.Release|x86.Build.0 = Release|Win32
	EndGlobalSection
	GlobalSection(SolutionProperties) = preSolution
		HideSolutionNode = FALSE
	EndGlobalSection
	GlobalSection(ExtensibilityGlobals) = postSolution
		SolutionGuid = {F4724DDD-4655-4D38-846D-DB4AB425C5EB}
	EndGlobalSection
EndGlobal
